
Microsoft Visual Studio Solution File, Format Version 12.00
# Visual Studio Version 16
VisualStudioVersion = 16.0.30611.23
MinimumVisualStudioVersion = 10.0.40219.1
Project("{FAE04EC0-301F-11D3-BF4B-00C04F79EFBC}") = "Hero assignment", "Hero assignment.csproj", "{C3C850E9-6165-40BF-B2C3-8EF800EB55FA}"
EndProject
Global
	GlobalSection(SolutionConfigurationPlatforms) = preSolution
		Debug|Any CPU = Debug|Any CPU
		Release|Any CPU = Release|Any CPU
	EndGlobalSection
	GlobalSection(ProjectConfigurationPlatforms) = postSolution
		{C3C850E9-6165-40BF-B2C3-8EF800EB55FA}.Debug|Any CPU.ActiveCfg = Debug|Any CPU
		{C3C850E9-6165-40BF-B2C3-8EF800EB55FA}.Debug|Any CPU.Build.0 = Debug|Any CPU
		{C3C850E9-6165-40BF-B2C3-8EF800EB55FA}.Release|Any CPU.ActiveCfg = Release|Any CPU
		{C3C850E9-6165-40BF-B2C3-8EF800EB55FA}.Release|Any CPU.Build.0 = Release|Any CPU
	EndGlobalSection
	GlobalSection(SolutionProperties) = preSolution
		HideSolutionNode = FALSE
	EndGlobalSection
	GlobalSection(ExtensibilityGlobals) = postSolution
		SolutionGuid = {0B75D895-51E2-4021-BB0C-20E019587CEE}
	EndGlobalSection
EndGlobal
